{
  "baseline": "b2783206000091ab11a1c11ac3ff79082188a4fb",
  "tree": "973d50d288e050325ee1c71a90fa8d81f2a099af",
  "loaded_core": "/Users/aleksei/hackaton/hack/R6_A1_worktree/src/reserve_odometry/reserve_odometry/core.py",
  "source_hashes": {
    "src/reserve_odometry/package.xml": "ba8a2ee216b73fdfc3c661054ba59e0dde1a226d7ed7bdd020d47a3156bb8b5a",
    "src/reserve_odometry/setup.py": "a16ca1079e23a2b74daa52704bc0327623b86eb5ed911ae4233f33f340a03bcc",
    "src/reserve_odometry/setup.cfg": "504ebb3ed9db6bc2727b1b3396daf6f5334ea6b7f6eda26672ba2c415f400b71",
    "src/reserve_odometry/config/calibrated_v3.yaml": "a34faa159b8e9436c58e957376f4dd4207395ad63f5b8391ed2a3737c339dbf5",
    "src/reserve_odometry/config/adaptive_v5.yaml": "dae5f5c80cd87e968b1e838c5b0d25cc531f816949b1fd2a59dd65e8e93efaec",
    "src/reserve_odometry/config/adaptive_v5.json": "3b84e6eb09262ba7a24771e5a56e0aa3ecb89c67f18e501cd0d0366514e99da1",
    "src/reserve_odometry/config/frozen_v4.yaml": "a29d075cbcca235a1cf5ab1f79a0a992f70ba788e729b452f732c273932eeb0e",
    "src/reserve_odometry/config/README.md": "2f62c1d8dbf3d891a74b7722f9ee1be4697db3f09cd4d09207329e83d32828c6",
    "src/reserve_odometry/config/champion_v8.yaml": "a6319d8e75615ee63b05bedccd1f79a27287666f084c8f14dd33ad993e7f067e",
    "src/reserve_odometry/config/guarded_readout_v7.json": "295a0ad77172798ad2bdaa2b5c375f48cbe8f533e54b7f38b2a3cb53f8f3ecd1",
    "src/reserve_odometry/config/time_aligned_v6.json": "9467bbf8322636fab4117ab8dbdbaf1386900d5f784488807288116611c4183c",
    "src/reserve_odometry/config/champion_v8.json": "358c595ac4bacc70e962e4ee93c10a8632776465718e21675cfda380c676309e",
    "src/reserve_odometry/config/default.yaml": "dae5f5c80cd87e968b1e838c5b0d25cc531f816949b1fd2a59dd65e8e93efaec",
    "src/reserve_odometry/config/time_aligned_v6.yaml": "bfe7114691b6d64428235286f9e5bcf94906bd4cdd22b17c623f19795f8e5556",
    "src/reserve_odometry/config/guarded_readout_v7.yaml": "e1f71a7cacd43d099bdc4f5aef59734906625716c871a78843584e0ea06e431e",
    "src/reserve_odometry/launch/v5_odometry.launch.py": "3853c6189c9b633af32044381c5995a19ade8cdc7f8efe29046b15225467ca29",
    "src/reserve_odometry/launch/README.md": "a140b4e2ba8474e798f40988d72088ec9a16026b726e155b0df21f5509833aff",
    "src/reserve_odometry/launch/odometry.launch.py": "5f91860ab56c5c025b03d895fbc3646dbd07a3ff47948bac80279e639aa439af",
    "src/reserve_odometry/reserve_odometry/timeline.py": "ed63b44dede078cb3cde501bd1e5559260763c56ac9b832f39924c1d97b0bdbf",
    "src/reserve_odometry/reserve_odometry/guarded_node.py": "ba2bd304ccafd35160e2c2d60c14a170bde2f0480cc04e8279a04d3c752c542f",
    "src/reserve_odometry/reserve_odometry/route.py": "631c9be75cc8bcf9770deb3e79aa3fad7c40d01bfaf446015a3566325df47739",
    "src/reserve_odometry/reserve_odometry/__init__.py": "e1f572a23a3af0453ee58954e1ac155057c09f538f30cf660aa84e9dadba6b74",
    "src/reserve_odometry/reserve_odometry/core.py": "67ee39edeb80f31876f5c45cb3efec26eb73844a106f7b4c876a944b6f7cc5dc",
    "src/reserve_odometry/reserve_odometry/guarded_readout.py": "6303c1230ff800e370875f7238912e47a0564da1b21d42ccf8f417f75b2e05e0",
    "src/reserve_odometry/reserve_odometry/node.py": "a63b6cf915d0621eda4a99f4a9a91c8b21a3d2209420e2fc9f4f21084a6dbdd4",
    "src/reserve_odometry/resource/reserve_odometry": "e3b0c44298fc1c149afbf4c8996fb92427ae41e4649b934ca495991b7852b855",
    "src/reserve_odometry/config/candidates_v3/baseline_v2.yaml": "3aa6c2105bdaf437956bd7e8479d9e97d888dcd7d81d7e39b0ca6278add1075a",
    "src/reserve_odometry/config/candidates_v3/baseline_v2.json": "92b2a8a371ab890e0087c173c0560b31949c2ac8235141beeaeb55f70c07ac91",
    "src/reserve_odometry/config/candidates_v3/nonlinear_physics.json": "275c2b2ef4eed2206fac7ede40c4dd26045315d94223f0cd07e67e918f751567",
    "src/reserve_odometry/config/candidates_v3/gain_only.yaml": "e4aa198fb8835335327180e91f42ab3c45efb537cc2bcbb9b7661f5fef761f2b",
    "src/reserve_odometry/config/candidates_v3/gain_only.json": "d0cff828b4b74cc121e44977ba52391290c81b63a1ff24788182f62dc46b2b83",
    "src/reserve_odometry/config/candidates_v3/nonlinear_physics.yaml": "68100c74c31ddeac2a634d66b521156991d526dceca38bed37c47ddab7ed7115",
    "src/reserve_odometry/config/candidates_v3/balanced_physics.json": "68b81682f9ac48d11bf7d8e67418a45de546ab35526954c5f6fc3eda2d7ec425",
    "src/reserve_odometry/config/candidates_v3/balanced_physics.yaml": "d1f8fd9d96911ba0f1381a6d1b6837f50fa9f6a2c518cb38421e9c229d3f0a14"
  },
  "prior": {
    "bytes": 19533673,
    "canonical_tree": "973d50d288e050325ee1c71a90fa8d81f2a099af",
    "development_opened": false,
    "files": 43,
    "forensic_lock_sha256": "bf33589ce470965d3db5a73d5df9870802bee1c89edf6843fb5e111b2da951dc",
    "path": "/Users/aleksei/hackaton/hack/R6_A0/A0_41km_forensic_20260926T201323Z.zip",
    "reproduced": true,
    "runtime_modified": false,
    "scope": "single locked diagnostic event; all output ticks, forensic oracle traces, audit tables, tooling, logs; excludes dataset/source",
    "sha256": "febb1a30562caa621f772e2478baefea0c5a40d18a08deedd6b59cfe90f63ab1",
    "status": "BUG_CANDIDATE_FOUND",
    "terminal_delta_s_m": 41424.813387721915,
    "validation_test_opened": false
  },
  "prior_report_sha256": "6662b88b462cb93654881d5fe1aa9b5012f1b02cada29e44a789fa56c0c7bd55",
  "db_sha256": "87a566a33c504351d1beb9829ee8a8fd9e82ef2036c4a1cf7f8dbc73673b7be8",
  "dataset_sha256": "d0b2483e13990edb8219b0d7bbcafc7ed001cce549a4d3af467069b2472e7d52",
  "source_zip_sha256": "4823fbdbbb979d7b561841e2831e68f2f7d9d8ec0d14e970f09a38cd51dff4c4",
  "drive_source_id": "1sOt4sDF11zYxt4Y1tUV0o9gGc6oOPcUq",
  "drive_dataset_id": "1hyhi4oRtSU9oO2ujwfPaUKFVndvbj8Z0",
  "source_group": "0d4506540f0e7621",
  "vehicle_label": "30639",
  "bag": "30639_0be558e2",
  "event_id": "08f850870ac08fb7707e",
  "fault": [
    71.55,
    74.55
  ],
  "scope": "one previously identified train-check event only",
  "validation_final_test_opened": false,
  "development_opened": false,
  "event_array_sha256": "bb7ea756920f3ecd0d5464cefcaadc41257e919898a3646f756e5f49fe431582"
}
