{
  "hypothesis": "R6-H61",
  "owner_token": "LOCAL_AGENT_H61",
  "baseline": "b2783206000091ab11a1c11ac3ff79082188a4fb",
  "tree": "973d50d288e050325ee1c71a90fa8d81f2a099af",
  "canonical_files_verified": 320,
  "H54_source_contract_verified": true,
  "files": {
    ".h61_inputs/h44/fit.py": {
      "sha256": "8ea3f63f114cd9df7f6871c01c2eecc332029f32dc34c9be577a5d118a8da737",
      "bytes": 16305
    },
    ".h61_inputs/h44/interface.py": {
      "sha256": "42ad4ff3522e2d71f19f25c684d2b411124a739a7f5f00279a6e94c4d5a351f1",
      "bytes": 3423
    },
    ".h61_inputs/h44/baseline_preflight.py": {
      "sha256": "b887e26ed178bdf64d7ec543e7f6f0c5555403415bfeeec68e96fe2879c3ecc6",
      "bytes": 9254
    },
    ".h61_inputs/windows/WINDOWS_LOCK.json": {
      "sha256": "8911d8263f030de45406ade0151f905732f53bc2552a3ac1e0cc1b7c2db916a6",
      "bytes": 613
    },
    ".h61_inputs/windows/windows.json": {
      "sha256": "d940ee7372e73e41ae0d73beab0e82c3a8fb2eaaec42e64e47f3abed93b2e594",
      "bytes": 47764
    },
    ".h61_inputs/windows/windows.npz": {
      "sha256": "95540f47eb5303ac5e6a863fcd29a2fc892140139dcfaa1572140bfb74adeacb",
      "bytes": 858186
    },
    ".h61_inputs/h54/GROUP_LOSS_BASELINE.csv": {
      "sha256": "3175a238617565ceca4a368d8f74b1931836fd4188c84ea879a6d214023a7e8a",
      "bytes": 1574
    },
    ".h61_inputs/h54/OBJECTIVE_CONTRACT.json": {
      "sha256": "13d38a3bdccf29d6465ec203252e38ce74bd1d12b94eea5ef1fa6d87503a4af6",
      "bytes": 7102
    },
    ".h61_inputs/h54/DEPENDENCIES.lock": {
      "sha256": "a153cc9ee9eda505ceb43ab98447a996b331e1008cf7196bc9ed9f82920d64d7",
      "bytes": 4889
    },
    ".h61_inputs/h54/study.py": {
      "sha256": "d9cdd90b989ef26ea84145435ead4279e4b6e4bff09c5baa7dce482866dec4b4",
      "bytes": 18550
    },
    ".h61_inputs/h54/CONTROL_FIT.json": {
      "sha256": "919581bd95fc005b567e755cf97da67cd38cb9c7b254282a0fd32525147cf5f8",
      "bytes": 4474
    },
    ".h61_inputs/h54/R6-H54_PLAN.md": {
      "sha256": "174ade6e538744443a70b7d41641c19d68275e826794b8b22c36f4fb83e1072e",
      "bytes": 7502
    }
  },
  "H44_source": "0ca93500d4d305c21c998bfd8d2a2e78c98b90ad",
  "fit_windows": 141,
  "fit_groups": 15,
  "forbidden_measurements_opened": false,
  "folds_sha256": "844f12cc41dc65e35911c5bc02781f580176311f644534129f43cbc92d3a41d4",
  "H42_binding": {
    "path": "/mnt/data/R5_H42_teacher_component.zip",
    "bytes": 28190115,
    "sha256": "2ee08edb32343350bf6ae6202836644de4fb309640f2d140a1eb9d5791af28b8"
  },
  "dataset_reference_only": {
    "path": "/mnt/data/h45_inputs/dataset(10).zip",
    "bytes": 256294592,
    "sha256": "d0b2483e13990edb8219b0d7bbcafc7ed001cce549a4d3af467069b2472e7d52"
  },
  "Drive_artifacts": {
    "R6-H54_PLAN.md": "1n2gwI79rOcLXu3kVoIBIeaDW0hfR_DBu",
    "DEPENDENCIES.lock": "1Pa4lKV5NHtFgZUQbM-JodPmzkCT_da27",
    "OBJECTIVE_CONTRACT.json": "1TU1vTVhcWIXrb29AcPIrPvam6EwQ2Db4",
    "GROUP_LOSS_BASELINE.csv": "1hfwEOxX-Y6hGScn3T7rT95Bt26Uzg38H",
    "CONTROL_FIT.json": "1NdLDef1JU74Xku_VHTdb4DFdU5MjyuP9",
    "study.py": "1gGoTkXNJqgTIHPYSlaH9DZP1RzWUoYDi"
  },
  "H42_archive_hash_verified": "2ee08edb32343350bf6ae6202836644de4fb309640f2d140a1eb9d5791af28b8",
  "PROMPT.md_sha256": "dfe961d2e8c2a5289343064083595e0390be2241ee2d52a25b485a3dd090f105",
  "CLAIM_RECEIPT.md_sha256": "e95b95932b0d05ebbce12ca43d9f2cb33602750e7c4f43b7a57e4130acbbeae0",
  "claim_verified": {
    "claim_ref": "claims/R6-H61",
    "research_ref": "research/R6-H61",
    "remote_sha": "b2783206000091ab11a1c11ac3ff79082188a4fb",
    "receipt_id": "1JMixCFnhswc_xXEhiLl7H0GV5zEfgD3q9TX6HEGRY6k",
    "owner_token": "LOCAL_AGENT_H61"
  }
}
